
Microsoft Visual Studio Solution File, Format Version 12.00
# Visual Studio 15
VisualStudioVersion = 15.0.27004.2009
MinimumVisualStudioVersion = 10.0.40219.1
Project("{FAE04EC0-301F-11D3-BF4B-00C04F79EFBC}") = "Going to Boston dice game", "Going to Boston dice game\Going to Boston dice game.csproj", "{5841E988-410F-4C4A-89EE-1B8354410C5D}"
EndProject
Global
	GlobalSection(SolutionConfigurationPlatforms) = preSolution
		Debug|Any CPU = Debug|Any CPU
		Release|Any CPU = Release|Any CPU
	EndGlobalSection
	GlobalSection(ProjectConfigurationPlatforms) = postSolution
		{5841E988-410F-4C4A-89EE-1B8354410C5D}.Debug|Any CPU.ActiveCfg = Debug|Any CPU
		{5841E988-410F-4C4A-89EE-1B8354410C5D}.Debug|Any CPU.Build.0 = Debug|Any CPU
		{5841E988-410F-4C4A-89EE-1B8354410C5D}.Release|Any CPU.ActiveCfg = Release|Any CPU
		{5841E988-410F-4C4A-89EE-1B8354410C5D}.Release|Any CPU.Build.0 = Release|Any CPU
	EndGlobalSection
	GlobalSection(SolutionProperties) = preSolution
		HideSolutionNode = FALSE
	EndGlobalSection
	GlobalSection(ExtensibilityGlobals) = postSolution
		SolutionGuid = {082746BE-5721-423E-9EB7-D72E1D21F0C2}
	EndGlobalSection
EndGlobal
